<?xml version="1.0" encoding="utf-8"?>
<Project ToolsVersion="4.0" xmlns="http://schemas.microsoft.com/developer/msbuild/2003">
  <ItemGroup>
    <Filter Include="Main">
      <UniqueIdentifier>{4FC737F1-C7A5-4376-A066-2A32D752A2FF}</UniqueIdentifier>
      <Extensions>cpp;c;cc;cxx;def;odl;idl;hpj;bat;asm;asmx</Extensions>
    </Filter>
    <Filter Include="리소스 파일">
      <UniqueIdentifier>{67DA6AB6-F800-4c08-8B7A-83BB121AAD01}</UniqueIdentifier>
      <Extensions>rc;ico;cur;bmp;dlg;rc2;rct;bin;rgs;gif;jpg;jpeg;jpe;resx;tiff;tif;png;wav</Extensions>
    </Filter>
    <Filter Include="Mode">
      <UniqueIdentifier>{5f98f2ef-47dc-4f55-800f-e5130d5a93df}</UniqueIdentifier>
    </Filter>
    <Filter Include="stdafx">
      <UniqueIdentifier>{2211c751-cfd0-4eb7-a08c-59ecfe858420}</UniqueIdentifier>
    </Filter>
  </ItemGroup>
  <ItemGroup>
    <ClCompile Include="Main.cpp">
      <Filter>Main</Filter>
    </ClCompile>
    <ClCompile Include="SelectCharacterMode.cpp">
      <Filter>Mode</Filter>
    </ClCompile>
    <ClCompile Include="QuizMode.cpp">
      <Filter>Mode</Filter>
    </ClCompile>
    <ClCompile Include="MenuMode.cpp">
      <Filter>Mode</Filter>
    </ClCompile>
    <ClCompile Include="LogoMode.cpp">
      <Filter>Mode</Filter>
    </ClCompile>
    <ClCompile Include="stdafx.cpp">
      <Filter>stdafx</Filter>
    </ClCompile>
    <ClCompile Include="quiz_holic.cpp">
      <Filter>Main</Filter>
    </ClCompile>
  </ItemGroup>
  <ItemGroup>
    <ClInclude Include="Main.h">
      <Filter>Main</Filter>
    </ClInclude>
    <ClInclude Include="resource.h">
      <Filter>리소스 파일</Filter>
    </ClInclude>
    <ClInclude Include="SelectCharacterMode.h">
      <Filter>Mode</Filter>
    </ClInclude>
    <ClInclude Include="QuizMode.h">
      <Filter>Mode</Filter>
    </ClInclude>
    <ClInclude Include="MenuMode.h">
      <Filter>Mode</Filter>
    </ClInclude>
    <ClInclude Include="LogoMode.h">
      <Filter>Mode</Filter>
    </ClInclude>
    <ClInclude Include="stdafx.h">
      <Filter>stdafx</Filter>
    </ClInclude>
  </ItemGroup>
  <ItemGroup>
    <None Include="Res\quiz_holic.ico">
      <Filter>리소스 파일</Filter>
    </None>
  </ItemGroup>
  <ItemGroup>
    <ResourceCompile Include="quiz_holic.rc">
      <Filter>리소스 파일</Filter>
    </ResourceCompile>
  </ItemGroup>
</Project>